
Microsoft Visual Studio Solution File, Format Version 12.00
Project("{FAE04EC0-301F-11D3-BF4B-00C04F79EFBC}") = "OrderService", "OrderService\OrderService.csproj", "{1F676C07-B387-45C7-B80D-A91BED2C3610}"
EndProject
Project("{FAE04EC0-301F-11D3-BF4B-00C04F79EFBC}") = "OrderService.Common", "OrderService.Common\OrderService.Common.csproj", "{6522A71C-6375-485F-8712-DB4E03CC37C7}"
EndProject
Project("{FAE04EC0-301F-11D3-BF4B-00C04F79EFBC}") = "KitchenService", "KitchenService\KitchenService.csproj", "{6F0E852D-3697-4182-88AC-D88C24CB96FB}"
EndProject
Global
	GlobalSection(SolutionConfigurationPlatforms) = preSolution
		Debug|Any CPU = Debug|Any CPU
		Release|Any CPU = Release|Any CPU
	EndGlobalSection
	GlobalSection(ProjectConfigurationPlatforms) = postSolution
		{1F676C07-B387-45C7-B80D-A91BED2C3610}.Debug|Any CPU.ActiveCfg = Debug|Any CPU
		{1F676C07-B387-45C7-B80D-A91BED2C3610}.Debug|Any CPU.Build.0 = Debug|Any CPU
		{1F676C07-B387-45C7-B80D-A91BED2C3610}.Release|Any CPU.ActiveCfg = Release|Any CPU
		{1F676C07-B387-45C7-B80D-A91BED2C3610}.Release|Any CPU.Build.0 = Release|Any CPU
		{6522A71C-6375-485F-8712-DB4E03CC37C7}.Debug|Any CPU.ActiveCfg = Debug|Any CPU
		{6522A71C-6375-485F-8712-DB4E03CC37C7}.Debug|Any CPU.Build.0 = Debug|Any CPU
		{6522A71C-6375-485F-8712-DB4E03CC37C7}.Release|Any CPU.ActiveCfg = Release|Any CPU
		{6522A71C-6375-485F-8712-DB4E03CC37C7}.Release|Any CPU.Build.0 = Release|Any CPU
		{6F0E852D-3697-4182-88AC-D88C24CB96FB}.Debug|Any CPU.ActiveCfg = Debug|Any CPU
		{6F0E852D-3697-4182-88AC-D88C24CB96FB}.Debug|Any CPU.Build.0 = Debug|Any CPU
		{6F0E852D-3697-4182-88AC-D88C24CB96FB}.Release|Any CPU.ActiveCfg = Release|Any CPU
		{6F0E852D-3697-4182-88AC-D88C24CB96FB}.Release|Any CPU.Build.0 = Release|Any CPU
	EndGlobalSection
EndGlobal
