
Microsoft Visual Studio Solution File, Format Version 12.00
Project("{FAE04EC0-301F-11D3-BF4B-00C04F79EFBC}") = "OrderService", "OrderService\OrderService.csproj", "{1F676C07-B387-45C7-B80D-A91BED2C3610}"
EndProject
Project("{FAE04EC0-301F-11D3-BF4B-00C04F79EFBC}") = "OrderService.Common", "OrderService.Common\OrderService.Common.csproj", "{6522A71C-6375-485F-8712-DB4E03CC37C7}"
EndProject
Project("{FAE04EC0-301F-11D3-BF4B-00C04F79EFBC}") = "KitchenService", "KitchenService\KitchenService.csproj", "{6F0E852D-3697-4182-88AC-D88C24CB96FB}"
EndProject
Project("{FAE04EC0-301F-11D3-BF4B-00C04F79EFBC}") = "KitchenService.Common", "KitchenService.Common\KitchenService.Common.csproj", "{D3C19E8B-B07B-42DF-9449-0DD18F934ED9}"
EndProject
Project("{FAE04EC0-301F-11D3-BF4B-00C04F79EFBC}") = "FastFood.Common", "FastFood.Common\FastFood.Common.csproj", "{2D7A90F7-55F1-45F4-9734-13BD15C9C21C}"
EndProject
Project("{FAE04EC0-301F-11D3-BF4B-00C04F79EFBC}") = "FinanceService", "FinanceService\FinanceService.csproj", "{23195FEB-6102-43D4-88F0-44A0C6DA0694}"
EndProject
Project("{FAE04EC0-301F-11D3-BF4B-00C04F79EFBC}") = "FinanceService.Common", "FinanceService.Common\FinanceService.Common.csproj", "{144AFD91-A9F6-41B2-B35B-B5E44BC476D6}"
EndProject
Project("{FAE04EC0-301F-11D3-BF4B-00C04F79EFBC}") = "OrderService.Actors", "OrderService.Actors\OrderService.Actors.csproj", "{B1982CF2-BD70-43FA-AE3A-F693418FC30D}"
EndProject
Project("{FAE04EC0-301F-11D3-BF4B-00C04F79EFBC}") = "OrderService.Models", "OrderService.Models\OrderService.Models.csproj", "{4D4A3001-3A5F-4536-8799-1FB1FD7B4EC7}"
EndProject
Project("{2150E333-8FDC-42A3-9474-1A3956D46DE8}") = "Solution Items", "Solution Items", "{FC2AC96F-2B56-4E1C-A028-38FA947AD8BA}"
	ProjectSection(SolutionItems) = preProject
		docker-compose.yml = docker-compose.yml
	EndProjectSection
EndProject
Project("{2150E333-8FDC-42A3-9474-1A3956D46DE8}") = "Tests", "Tests", "{9D7DE63B-74AC-486B-A619-84944DDF9351}"
EndProject
Project("{FAE04EC0-301F-11D3-BF4B-00C04F79EFBC}") = "FastFoodDelivery.System.Tests", "Tests\FastFoodDelivery.System.Tests\FastFoodDelivery.System.Tests.csproj", "{C5768CD9-6717-41A5-8214-72E865127830}"
EndProject
Project("{FAE04EC0-301F-11D3-BF4B-00C04F79EFBC}") = "FrontendSelfServicePos", "FrontendSelfServicePos\FrontendSelfServicePos.csproj", "{411D7BF6-66DF-409F-8006-E0543FF3CE5A}"
EndProject
Project("{FAE04EC0-301F-11D3-BF4B-00C04F79EFBC}") = "FrontendKitchenMonitor", "FrontendKitchenMonitor\FrontendKitchenMonitor.csproj", "{5C37A736-468F-4D01-9BD3-EAE0027A9359}"
EndProject
Project("{FAE04EC0-301F-11D3-BF4B-00C04F79EFBC}") = "FrontendCustomerOrderStatus", "FrontendCustomerOrderStatus\FrontendCustomerOrderStatus.csproj", "{63DF07BA-8929-4EFF-83B8-0D48282CCB40}"
EndProject
Global
	GlobalSection(SolutionConfigurationPlatforms) = preSolution
		Debug|Any CPU = Debug|Any CPU
		Release|Any CPU = Release|Any CPU
	EndGlobalSection
	GlobalSection(ProjectConfigurationPlatforms) = postSolution
		{1F676C07-B387-45C7-B80D-A91BED2C3610}.Debug|Any CPU.ActiveCfg = Debug|Any CPU
		{1F676C07-B387-45C7-B80D-A91BED2C3610}.Debug|Any CPU.Build.0 = Debug|Any CPU
		{1F676C07-B387-45C7-B80D-A91BED2C3610}.Release|Any CPU.ActiveCfg = Release|Any CPU
		{1F676C07-B387-45C7-B80D-A91BED2C3610}.Release|Any CPU.Build.0 = Release|Any CPU
		{6522A71C-6375-485F-8712-DB4E03CC37C7}.Debug|Any CPU.ActiveCfg = Debug|Any CPU
		{6522A71C-6375-485F-8712-DB4E03CC37C7}.Debug|Any CPU.Build.0 = Debug|Any CPU
		{6522A71C-6375-485F-8712-DB4E03CC37C7}.Release|Any CPU.ActiveCfg = Release|Any CPU
		{6522A71C-6375-485F-8712-DB4E03CC37C7}.Release|Any CPU.Build.0 = Release|Any CPU
		{6F0E852D-3697-4182-88AC-D88C24CB96FB}.Debug|Any CPU.ActiveCfg = Debug|Any CPU
		{6F0E852D-3697-4182-88AC-D88C24CB96FB}.Debug|Any CPU.Build.0 = Debug|Any CPU
		{6F0E852D-3697-4182-88AC-D88C24CB96FB}.Release|Any CPU.ActiveCfg = Release|Any CPU
		{6F0E852D-3697-4182-88AC-D88C24CB96FB}.Release|Any CPU.Build.0 = Release|Any CPU
		{D3C19E8B-B07B-42DF-9449-0DD18F934ED9}.Debug|Any CPU.ActiveCfg = Debug|Any CPU
		{D3C19E8B-B07B-42DF-9449-0DD18F934ED9}.Debug|Any CPU.Build.0 = Debug|Any CPU
		{D3C19E8B-B07B-42DF-9449-0DD18F934ED9}.Release|Any CPU.ActiveCfg = Release|Any CPU
		{D3C19E8B-B07B-42DF-9449-0DD18F934ED9}.Release|Any CPU.Build.0 = Release|Any CPU
		{2D7A90F7-55F1-45F4-9734-13BD15C9C21C}.Debug|Any CPU.ActiveCfg = Debug|Any CPU
		{2D7A90F7-55F1-45F4-9734-13BD15C9C21C}.Debug|Any CPU.Build.0 = Debug|Any CPU
		{2D7A90F7-55F1-45F4-9734-13BD15C9C21C}.Release|Any CPU.ActiveCfg = Release|Any CPU
		{2D7A90F7-55F1-45F4-9734-13BD15C9C21C}.Release|Any CPU.Build.0 = Release|Any CPU
		{23195FEB-6102-43D4-88F0-44A0C6DA0694}.Debug|Any CPU.ActiveCfg = Debug|Any CPU
		{23195FEB-6102-43D4-88F0-44A0C6DA0694}.Debug|Any CPU.Build.0 = Debug|Any CPU
		{23195FEB-6102-43D4-88F0-44A0C6DA0694}.Release|Any CPU.ActiveCfg = Release|Any CPU
		{23195FEB-6102-43D4-88F0-44A0C6DA0694}.Release|Any CPU.Build.0 = Release|Any CPU
		{144AFD91-A9F6-41B2-B35B-B5E44BC476D6}.Debug|Any CPU.ActiveCfg = Debug|Any CPU
		{144AFD91-A9F6-41B2-B35B-B5E44BC476D6}.Debug|Any CPU.Build.0 = Debug|Any CPU
		{144AFD91-A9F6-41B2-B35B-B5E44BC476D6}.Release|Any CPU.ActiveCfg = Release|Any CPU
		{144AFD91-A9F6-41B2-B35B-B5E44BC476D6}.Release|Any CPU.Build.0 = Release|Any CPU
		{B1982CF2-BD70-43FA-AE3A-F693418FC30D}.Debug|Any CPU.ActiveCfg = Debug|Any CPU
		{B1982CF2-BD70-43FA-AE3A-F693418FC30D}.Debug|Any CPU.Build.0 = Debug|Any CPU
		{B1982CF2-BD70-43FA-AE3A-F693418FC30D}.Release|Any CPU.ActiveCfg = Release|Any CPU
		{B1982CF2-BD70-43FA-AE3A-F693418FC30D}.Release|Any CPU.Build.0 = Release|Any CPU
		{4D4A3001-3A5F-4536-8799-1FB1FD7B4EC7}.Debug|Any CPU.ActiveCfg = Debug|Any CPU
		{4D4A3001-3A5F-4536-8799-1FB1FD7B4EC7}.Debug|Any CPU.Build.0 = Debug|Any CPU
		{4D4A3001-3A5F-4536-8799-1FB1FD7B4EC7}.Release|Any CPU.ActiveCfg = Release|Any CPU
		{4D4A3001-3A5F-4536-8799-1FB1FD7B4EC7}.Release|Any CPU.Build.0 = Release|Any CPU
		{C5768CD9-6717-41A5-8214-72E865127830}.Debug|Any CPU.ActiveCfg = Debug|Any CPU
		{C5768CD9-6717-41A5-8214-72E865127830}.Debug|Any CPU.Build.0 = Debug|Any CPU
		{C5768CD9-6717-41A5-8214-72E865127830}.Release|Any CPU.ActiveCfg = Release|Any CPU
		{C5768CD9-6717-41A5-8214-72E865127830}.Release|Any CPU.Build.0 = Release|Any CPU
		{411D7BF6-66DF-409F-8006-E0543FF3CE5A}.Debug|Any CPU.ActiveCfg = Debug|Any CPU
		{411D7BF6-66DF-409F-8006-E0543FF3CE5A}.Debug|Any CPU.Build.0 = Debug|Any CPU
		{411D7BF6-66DF-409F-8006-E0543FF3CE5A}.Release|Any CPU.ActiveCfg = Release|Any CPU
		{411D7BF6-66DF-409F-8006-E0543FF3CE5A}.Release|Any CPU.Build.0 = Release|Any CPU
		{5C37A736-468F-4D01-9BD3-EAE0027A9359}.Debug|Any CPU.ActiveCfg = Debug|Any CPU
		{5C37A736-468F-4D01-9BD3-EAE0027A9359}.Debug|Any CPU.Build.0 = Debug|Any CPU
		{5C37A736-468F-4D01-9BD3-EAE0027A9359}.Release|Any CPU.ActiveCfg = Release|Any CPU
		{5C37A736-468F-4D01-9BD3-EAE0027A9359}.Release|Any CPU.Build.0 = Release|Any CPU
		{63DF07BA-8929-4EFF-83B8-0D48282CCB40}.Debug|Any CPU.ActiveCfg = Debug|Any CPU
		{63DF07BA-8929-4EFF-83B8-0D48282CCB40}.Debug|Any CPU.Build.0 = Debug|Any CPU
		{63DF07BA-8929-4EFF-83B8-0D48282CCB40}.Release|Any CPU.ActiveCfg = Release|Any CPU
		{63DF07BA-8929-4EFF-83B8-0D48282CCB40}.Release|Any CPU.Build.0 = Release|Any CPU
	EndGlobalSection
	GlobalSection(NestedProjects) = preSolution
		{C5768CD9-6717-41A5-8214-72E865127830} = {9D7DE63B-74AC-486B-A619-84944DDF9351}
	EndGlobalSection
EndGlobal
