
Microsoft Visual Studio Solution File, Format Version 12.00
#
Project("{FAE04EC0-301F-11D3-BF4B-00C04F79EFBC}") = "OrderService", "services\order\OrderService\OrderService.csproj", "{1F676C07-B387-45C7-B80D-A91BED2C3610}"
EndProject
Project("{FAE04EC0-301F-11D3-BF4B-00C04F79EFBC}") = "OrderService.Common", "services\order\OrderService.Common\OrderService.Common.csproj", "{6522A71C-6375-485F-8712-DB4E03CC37C7}"
EndProject
Project("{FAE04EC0-301F-11D3-BF4B-00C04F79EFBC}") = "KitchenService", "services\kitchen\KitchenService\KitchenService.csproj", "{6F0E852D-3697-4182-88AC-D88C24CB96FB}"
EndProject
Project("{FAE04EC0-301F-11D3-BF4B-00C04F79EFBC}") = "KitchenService.Common", "services\kitchen\KitchenService.Common\KitchenService.Common.csproj", "{D3C19E8B-B07B-42DF-9449-0DD18F934ED9}"
EndProject
Project("{FAE04EC0-301F-11D3-BF4B-00C04F79EFBC}") = "FastFood.Common", "common\FastFood.Common\FastFood.Common.csproj", "{2D7A90F7-55F1-45F4-9734-13BD15C9C21C}"
EndProject
Project("{FAE04EC0-301F-11D3-BF4B-00C04F79EFBC}") = "FinanceService", "services\finance\FinanceService\FinanceService.csproj", "{23195FEB-6102-43D4-88F0-44A0C6DA0694}"
EndProject
Project("{FAE04EC0-301F-11D3-BF4B-00C04F79EFBC}") = "FinanceService.Common", "services\finance\FinanceService.Common\FinanceService.Common.csproj", "{144AFD91-A9F6-41B2-B35B-B5E44BC476D6}"
EndProject
Project("{FAE04EC0-301F-11D3-BF4B-00C04F79EFBC}") = "OrderService.Actors", "services\order\OrderService.Actors\OrderService.Actors.csproj", "{B1982CF2-BD70-43FA-AE3A-F693418FC30D}"
EndProject
Project("{FAE04EC0-301F-11D3-BF4B-00C04F79EFBC}") = "OrderService.Models", "services\order\OrderService.Models\OrderService.Models.csproj", "{4D4A3001-3A5F-4536-8799-1FB1FD7B4EC7}"
EndProject
Project("{2150E333-8FDC-42A3-9474-1A3956D46DE8}") = "Solution Items", "Solution Items", "{FC2AC96F-2B56-4E1C-A028-38FA947AD8BA}"
	ProjectSection(SolutionItems) = preProject
		docker-compose.yml = docker-compose.yml
		BuildAndPushDockerImages.ps1 = BuildAndPushDockerImages.ps1
	EndProjectSection
EndProject
Project("{FAE04EC0-301F-11D3-BF4B-00C04F79EFBC}") = "FastFoodDelivery.System.Tests", "systemtests\FastFoodDelivery.System.Tests\FastFoodDelivery.System.Tests.csproj", "{C5768CD9-6717-41A5-8214-72E865127830}"
EndProject
Project("{FAE04EC0-301F-11D3-BF4B-00C04F79EFBC}") = "FrontendSelfServicePos", "services\frontendselfservicepos\FrontendSelfServicePos\FrontendSelfServicePos.csproj", "{411D7BF6-66DF-409F-8006-E0543FF3CE5A}"
EndProject
Project("{FAE04EC0-301F-11D3-BF4B-00C04F79EFBC}") = "FrontendKitchenMonitor", "services\frontendkitchenmonitor\FrontendKitchenMonitor\FrontendKitchenMonitor.csproj", "{5C37A736-468F-4D01-9BD3-EAE0027A9359}"
EndProject
Project("{FAE04EC0-301F-11D3-BF4B-00C04F79EFBC}") = "FrontendCustomerOrderStatus", "services\frontendcustomerorderstatus\FrontendCustomerOrderStatus\FrontendCustomerOrderStatus.csproj", "{63DF07BA-8929-4EFF-83B8-0D48282CCB40}"
EndProject
Project("{FAE04EC0-301F-11D3-BF4B-00C04F79EFBC}") = "FastFood.Common.Unit.Tests", "common\FastFood.Common.Unit.Tests\FastFood.Common.Unit.Tests.csproj", "{6AFCEE15-CA99-4718-AD75-25228D3ADBF7}"
EndProject
Project("{FAE04EC0-301F-11D3-BF4B-00C04F79EFBC}") = "FinanceService.Unit.Tests", "services\finance\FinanceService.Unit.Tests\FinanceService.Unit.Tests.csproj", "{961703ED-5E95-4A82-AC00-B9B30D08DC75}"
EndProject
Project("{FAE04EC0-301F-11D3-BF4B-00C04F79EFBC}") = "FinanceService.Common.Unit.Tests", "services\finance\FinanceService.Common.Unit.Tests\FinanceService.Common.Unit.Tests.csproj", "{5B0E4586-9E39-474B-832F-E3E137DA2DAC}"
EndProject
Project("{FAE04EC0-301F-11D3-BF4B-00C04F79EFBC}") = "FrontendCustomerOrderStatus.Unit.Tests", "services\frontendcustomerorderstatus\FrontendCustomerOrderStatus.Unit.Tests\FrontendCustomerOrderStatus.Unit.Tests.csproj", "{D84468A6-7EE9-4D47-8242-9D8934D3455E}"
EndProject
Project("{FAE04EC0-301F-11D3-BF4B-00C04F79EFBC}") = "FrontendKitchenMonitor.Unit.Tests", "services\frontendkitchenmonitor\FrontendKitchenMonitor.Unit.Tests\FrontendKitchenMonitor.Unit.Tests.csproj", "{99F0AD03-A6F0-427C-9CA5-603E901F1D0B}"
EndProject
Project("{FAE04EC0-301F-11D3-BF4B-00C04F79EFBC}") = "FrontendSelfServicePos.Unit.Tests", "services\frontendselfservicepos\FrontendSelfServicePos.Unit.Tests\FrontendSelfServicePos.Unit.Tests.csproj", "{51449001-B582-4FCF-9077-8CEF66749908}"
EndProject
Project("{FAE04EC0-301F-11D3-BF4B-00C04F79EFBC}") = "KitchenService.Unit.Tests", "services\kitchen\KitchenService.Unit.Tests\KitchenService.Unit.Tests.csproj", "{C5A6602A-F937-41BB-A79D-61E803467275}"
EndProject
Project("{FAE04EC0-301F-11D3-BF4B-00C04F79EFBC}") = "KitchenService.Common.Unit.Tests", "services\kitchen\KitchenService.Common.Unit.Tests\KitchenService.Common.Unit.Tests.csproj", "{788A3969-2EE7-4B7A-AE59-0B142C73DBFD}"
EndProject
Project("{FAE04EC0-301F-11D3-BF4B-00C04F79EFBC}") = "OrderService.Unit.Tests", "services\order\OrderService.Unit.Tests\OrderService.Unit.Tests.csproj", "{24EB6437-7668-4EEF-AF54-B545E06102A7}"
EndProject
Project("{FAE04EC0-301F-11D3-BF4B-00C04F79EFBC}") = "OrderService.Actors.Unit.Tests", "services\order\OrderService.Actors.Unit.Tests\OrderService.Actors.Unit.Tests.csproj", "{78CC3E75-53E4-420A-BD3F-616DBCB8A312}"
EndProject
Project("{FAE04EC0-301F-11D3-BF4B-00C04F79EFBC}") = "OrderService.Common.Unit.Tests", "services\order\OrderService.Common.Unit.Tests\OrderService.Common.Unit.Tests.csproj", "{446B3BAC-CA4D-4636-85EE-EC67C75DF357}"
EndProject
Project("{FAE04EC0-301F-11D3-BF4B-00C04F79EFBC}") = "OrderService.Models.Unit.Tests", "services\order\OrderService.Models.Unit.Tests\OrderService.Models.Unit.Tests.csproj", "{54D1A50D-E869-4B34-83FC-9C1475427CB1}"
EndProject
Project("{FAE04EC0-301F-11D3-BF4B-00C04F79EFBC}") = "FastFood.Observability.Common", "common\FastFood.Observability.Common\FastFood.Observability.Common.csproj", "{8C859524-D2F3-4EA5-ADD0-144900F44E70}"
EndProject
Project("{2150E333-8FDC-42A3-9474-1A3956D46DE8}") = "SystemTests", "SystemTests", "{A8895300-37B7-4386-84F4-456CA58E88BE}"
EndProject
Project("{2150E333-8FDC-42A3-9474-1A3956D46DE8}") = "Services", "Services", "{196C2ADA-F790-4405-9E7E-BB59EA7DC7E1}"
EndProject
Project("{2150E333-8FDC-42A3-9474-1A3956D46DE8}") = "Common", "Common", "{E3632F86-107A-4F89-97E7-DD70093A4041}"
EndProject
Project("{2150E333-8FDC-42A3-9474-1A3956D46DE8}") = "finance", "finance", "{AE15EBCE-CA38-471D-98E8-D5DE3F6502A3}"
EndProject
Project("{2150E333-8FDC-42A3-9474-1A3956D46DE8}") = "frontendcustomerorderstatus", "frontendcustomerorderstatus", "{73CE1E6E-2FBB-4256-8172-8E3DFD8E56C8}"
EndProject
Project("{2150E333-8FDC-42A3-9474-1A3956D46DE8}") = "frontendkitchenmonitor", "frontendkitchenmonitor", "{70B1CA4A-C23D-42AE-82F8-0B9A0834CBD0}"
EndProject
Project("{2150E333-8FDC-42A3-9474-1A3956D46DE8}") = "frontendselfservicepos", "frontendselfservicepos", "{B96FF446-3537-49BE-A4EB-A55EB9A7593B}"
EndProject
Project("{2150E333-8FDC-42A3-9474-1A3956D46DE8}") = "kitchen", "kitchen", "{81F76A4A-D24C-4376-9E98-A84B662EE13D}"
EndProject
Project("{2150E333-8FDC-42A3-9474-1A3956D46DE8}") = "order", "order", "{E35A95D0-0784-4A00-95FA-B11879DCDC61}"
EndProject
Global
	GlobalSection(SolutionConfigurationPlatforms) = preSolution
		Debug|Any CPU = Debug|Any CPU
		Release|Any CPU = Release|Any CPU
	EndGlobalSection
	GlobalSection(ProjectConfigurationPlatforms) = postSolution
		{1F676C07-B387-45C7-B80D-A91BED2C3610}.Debug|Any CPU.ActiveCfg = Debug|Any CPU
		{1F676C07-B387-45C7-B80D-A91BED2C3610}.Debug|Any CPU.Build.0 = Debug|Any CPU
		{1F676C07-B387-45C7-B80D-A91BED2C3610}.Release|Any CPU.ActiveCfg = Release|Any CPU
		{1F676C07-B387-45C7-B80D-A91BED2C3610}.Release|Any CPU.Build.0 = Release|Any CPU
		{6522A71C-6375-485F-8712-DB4E03CC37C7}.Debug|Any CPU.ActiveCfg = Debug|Any CPU
		{6522A71C-6375-485F-8712-DB4E03CC37C7}.Debug|Any CPU.Build.0 = Debug|Any CPU
		{6522A71C-6375-485F-8712-DB4E03CC37C7}.Release|Any CPU.ActiveCfg = Release|Any CPU
		{6522A71C-6375-485F-8712-DB4E03CC37C7}.Release|Any CPU.Build.0 = Release|Any CPU
		{6F0E852D-3697-4182-88AC-D88C24CB96FB}.Debug|Any CPU.ActiveCfg = Debug|Any CPU
		{6F0E852D-3697-4182-88AC-D88C24CB96FB}.Debug|Any CPU.Build.0 = Debug|Any CPU
		{6F0E852D-3697-4182-88AC-D88C24CB96FB}.Release|Any CPU.ActiveCfg = Release|Any CPU
		{6F0E852D-3697-4182-88AC-D88C24CB96FB}.Release|Any CPU.Build.0 = Release|Any CPU
		{D3C19E8B-B07B-42DF-9449-0DD18F934ED9}.Debug|Any CPU.ActiveCfg = Debug|Any CPU
		{D3C19E8B-B07B-42DF-9449-0DD18F934ED9}.Debug|Any CPU.Build.0 = Debug|Any CPU
		{D3C19E8B-B07B-42DF-9449-0DD18F934ED9}.Release|Any CPU.ActiveCfg = Release|Any CPU
		{D3C19E8B-B07B-42DF-9449-0DD18F934ED9}.Release|Any CPU.Build.0 = Release|Any CPU
		{2D7A90F7-55F1-45F4-9734-13BD15C9C21C}.Debug|Any CPU.ActiveCfg = Debug|Any CPU
		{2D7A90F7-55F1-45F4-9734-13BD15C9C21C}.Debug|Any CPU.Build.0 = Debug|Any CPU
		{2D7A90F7-55F1-45F4-9734-13BD15C9C21C}.Release|Any CPU.ActiveCfg = Release|Any CPU
		{2D7A90F7-55F1-45F4-9734-13BD15C9C21C}.Release|Any CPU.Build.0 = Release|Any CPU
		{23195FEB-6102-43D4-88F0-44A0C6DA0694}.Debug|Any CPU.ActiveCfg = Debug|Any CPU
		{23195FEB-6102-43D4-88F0-44A0C6DA0694}.Debug|Any CPU.Build.0 = Debug|Any CPU
		{23195FEB-6102-43D4-88F0-44A0C6DA0694}.Release|Any CPU.ActiveCfg = Release|Any CPU
		{23195FEB-6102-43D4-88F0-44A0C6DA0694}.Release|Any CPU.Build.0 = Release|Any CPU
		{144AFD91-A9F6-41B2-B35B-B5E44BC476D6}.Debug|Any CPU.ActiveCfg = Debug|Any CPU
		{144AFD91-A9F6-41B2-B35B-B5E44BC476D6}.Debug|Any CPU.Build.0 = Debug|Any CPU
		{144AFD91-A9F6-41B2-B35B-B5E44BC476D6}.Release|Any CPU.ActiveCfg = Release|Any CPU
		{144AFD91-A9F6-41B2-B35B-B5E44BC476D6}.Release|Any CPU.Build.0 = Release|Any CPU
		{B1982CF2-BD70-43FA-AE3A-F693418FC30D}.Debug|Any CPU.ActiveCfg = Debug|Any CPU
		{B1982CF2-BD70-43FA-AE3A-F693418FC30D}.Debug|Any CPU.Build.0 = Debug|Any CPU
		{B1982CF2-BD70-43FA-AE3A-F693418FC30D}.Release|Any CPU.ActiveCfg = Release|Any CPU
		{B1982CF2-BD70-43FA-AE3A-F693418FC30D}.Release|Any CPU.Build.0 = Release|Any CPU
		{4D4A3001-3A5F-4536-8799-1FB1FD7B4EC7}.Debug|Any CPU.ActiveCfg = Debug|Any CPU
		{4D4A3001-3A5F-4536-8799-1FB1FD7B4EC7}.Debug|Any CPU.Build.0 = Debug|Any CPU
		{4D4A3001-3A5F-4536-8799-1FB1FD7B4EC7}.Release|Any CPU.ActiveCfg = Release|Any CPU
		{4D4A3001-3A5F-4536-8799-1FB1FD7B4EC7}.Release|Any CPU.Build.0 = Release|Any CPU
		{C5768CD9-6717-41A5-8214-72E865127830}.Debug|Any CPU.ActiveCfg = Debug|Any CPU
		{C5768CD9-6717-41A5-8214-72E865127830}.Debug|Any CPU.Build.0 = Debug|Any CPU
		{C5768CD9-6717-41A5-8214-72E865127830}.Release|Any CPU.ActiveCfg = Release|Any CPU
		{C5768CD9-6717-41A5-8214-72E865127830}.Release|Any CPU.Build.0 = Release|Any CPU
		{411D7BF6-66DF-409F-8006-E0543FF3CE5A}.Debug|Any CPU.ActiveCfg = Debug|Any CPU
		{411D7BF6-66DF-409F-8006-E0543FF3CE5A}.Debug|Any CPU.Build.0 = Debug|Any CPU
		{411D7BF6-66DF-409F-8006-E0543FF3CE5A}.Release|Any CPU.ActiveCfg = Release|Any CPU
		{411D7BF6-66DF-409F-8006-E0543FF3CE5A}.Release|Any CPU.Build.0 = Release|Any CPU
		{5C37A736-468F-4D01-9BD3-EAE0027A9359}.Debug|Any CPU.ActiveCfg = Debug|Any CPU
		{5C37A736-468F-4D01-9BD3-EAE0027A9359}.Debug|Any CPU.Build.0 = Debug|Any CPU
		{5C37A736-468F-4D01-9BD3-EAE0027A9359}.Release|Any CPU.ActiveCfg = Release|Any CPU
		{5C37A736-468F-4D01-9BD3-EAE0027A9359}.Release|Any CPU.Build.0 = Release|Any CPU
		{63DF07BA-8929-4EFF-83B8-0D48282CCB40}.Debug|Any CPU.ActiveCfg = Debug|Any CPU
		{63DF07BA-8929-4EFF-83B8-0D48282CCB40}.Debug|Any CPU.Build.0 = Debug|Any CPU
		{63DF07BA-8929-4EFF-83B8-0D48282CCB40}.Release|Any CPU.ActiveCfg = Release|Any CPU
		{63DF07BA-8929-4EFF-83B8-0D48282CCB40}.Release|Any CPU.Build.0 = Release|Any CPU
		{6AFCEE15-CA99-4718-AD75-25228D3ADBF7}.Debug|Any CPU.ActiveCfg = Debug|Any CPU
		{6AFCEE15-CA99-4718-AD75-25228D3ADBF7}.Debug|Any CPU.Build.0 = Debug|Any CPU
		{6AFCEE15-CA99-4718-AD75-25228D3ADBF7}.Release|Any CPU.ActiveCfg = Release|Any CPU
		{6AFCEE15-CA99-4718-AD75-25228D3ADBF7}.Release|Any CPU.Build.0 = Release|Any CPU
		{961703ED-5E95-4A82-AC00-B9B30D08DC75}.Debug|Any CPU.ActiveCfg = Debug|Any CPU
		{961703ED-5E95-4A82-AC00-B9B30D08DC75}.Debug|Any CPU.Build.0 = Debug|Any CPU
		{961703ED-5E95-4A82-AC00-B9B30D08DC75}.Release|Any CPU.ActiveCfg = Release|Any CPU
		{961703ED-5E95-4A82-AC00-B9B30D08DC75}.Release|Any CPU.Build.0 = Release|Any CPU
		{5B0E4586-9E39-474B-832F-E3E137DA2DAC}.Debug|Any CPU.ActiveCfg = Debug|Any CPU
		{5B0E4586-9E39-474B-832F-E3E137DA2DAC}.Debug|Any CPU.Build.0 = Debug|Any CPU
		{5B0E4586-9E39-474B-832F-E3E137DA2DAC}.Release|Any CPU.ActiveCfg = Release|Any CPU
		{5B0E4586-9E39-474B-832F-E3E137DA2DAC}.Release|Any CPU.Build.0 = Release|Any CPU
		{D84468A6-7EE9-4D47-8242-9D8934D3455E}.Debug|Any CPU.ActiveCfg = Debug|Any CPU
		{D84468A6-7EE9-4D47-8242-9D8934D3455E}.Debug|Any CPU.Build.0 = Debug|Any CPU
		{D84468A6-7EE9-4D47-8242-9D8934D3455E}.Release|Any CPU.ActiveCfg = Release|Any CPU
		{D84468A6-7EE9-4D47-8242-9D8934D3455E}.Release|Any CPU.Build.0 = Release|Any CPU
		{99F0AD03-A6F0-427C-9CA5-603E901F1D0B}.Debug|Any CPU.ActiveCfg = Debug|Any CPU
		{99F0AD03-A6F0-427C-9CA5-603E901F1D0B}.Debug|Any CPU.Build.0 = Debug|Any CPU
		{99F0AD03-A6F0-427C-9CA5-603E901F1D0B}.Release|Any CPU.ActiveCfg = Release|Any CPU
		{99F0AD03-A6F0-427C-9CA5-603E901F1D0B}.Release|Any CPU.Build.0 = Release|Any CPU
		{51449001-B582-4FCF-9077-8CEF66749908}.Debug|Any CPU.ActiveCfg = Debug|Any CPU
		{51449001-B582-4FCF-9077-8CEF66749908}.Debug|Any CPU.Build.0 = Debug|Any CPU
		{51449001-B582-4FCF-9077-8CEF66749908}.Release|Any CPU.ActiveCfg = Release|Any CPU
		{51449001-B582-4FCF-9077-8CEF66749908}.Release|Any CPU.Build.0 = Release|Any CPU
		{C5A6602A-F937-41BB-A79D-61E803467275}.Debug|Any CPU.ActiveCfg = Debug|Any CPU
		{C5A6602A-F937-41BB-A79D-61E803467275}.Debug|Any CPU.Build.0 = Debug|Any CPU
		{C5A6602A-F937-41BB-A79D-61E803467275}.Release|Any CPU.ActiveCfg = Release|Any CPU
		{C5A6602A-F937-41BB-A79D-61E803467275}.Release|Any CPU.Build.0 = Release|Any CPU
		{788A3969-2EE7-4B7A-AE59-0B142C73DBFD}.Debug|Any CPU.ActiveCfg = Debug|Any CPU
		{788A3969-2EE7-4B7A-AE59-0B142C73DBFD}.Debug|Any CPU.Build.0 = Debug|Any CPU
		{788A3969-2EE7-4B7A-AE59-0B142C73DBFD}.Release|Any CPU.ActiveCfg = Release|Any CPU
		{788A3969-2EE7-4B7A-AE59-0B142C73DBFD}.Release|Any CPU.Build.0 = Release|Any CPU
		{24EB6437-7668-4EEF-AF54-B545E06102A7}.Debug|Any CPU.ActiveCfg = Debug|Any CPU
		{24EB6437-7668-4EEF-AF54-B545E06102A7}.Debug|Any CPU.Build.0 = Debug|Any CPU
		{24EB6437-7668-4EEF-AF54-B545E06102A7}.Release|Any CPU.ActiveCfg = Release|Any CPU
		{24EB6437-7668-4EEF-AF54-B545E06102A7}.Release|Any CPU.Build.0 = Release|Any CPU
		{78CC3E75-53E4-420A-BD3F-616DBCB8A312}.Debug|Any CPU.ActiveCfg = Debug|Any CPU
		{78CC3E75-53E4-420A-BD3F-616DBCB8A312}.Debug|Any CPU.Build.0 = Debug|Any CPU
		{78CC3E75-53E4-420A-BD3F-616DBCB8A312}.Release|Any CPU.ActiveCfg = Release|Any CPU
		{78CC3E75-53E4-420A-BD3F-616DBCB8A312}.Release|Any CPU.Build.0 = Release|Any CPU
		{446B3BAC-CA4D-4636-85EE-EC67C75DF357}.Debug|Any CPU.ActiveCfg = Debug|Any CPU
		{446B3BAC-CA4D-4636-85EE-EC67C75DF357}.Debug|Any CPU.Build.0 = Debug|Any CPU
		{446B3BAC-CA4D-4636-85EE-EC67C75DF357}.Release|Any CPU.ActiveCfg = Release|Any CPU
		{446B3BAC-CA4D-4636-85EE-EC67C75DF357}.Release|Any CPU.Build.0 = Release|Any CPU
		{54D1A50D-E869-4B34-83FC-9C1475427CB1}.Debug|Any CPU.ActiveCfg = Debug|Any CPU
		{54D1A50D-E869-4B34-83FC-9C1475427CB1}.Debug|Any CPU.Build.0 = Debug|Any CPU
		{54D1A50D-E869-4B34-83FC-9C1475427CB1}.Release|Any CPU.ActiveCfg = Release|Any CPU
		{54D1A50D-E869-4B34-83FC-9C1475427CB1}.Release|Any CPU.Build.0 = Release|Any CPU
		{8C859524-D2F3-4EA5-ADD0-144900F44E70}.Debug|Any CPU.ActiveCfg = Debug|Any CPU
		{8C859524-D2F3-4EA5-ADD0-144900F44E70}.Debug|Any CPU.Build.0 = Debug|Any CPU
		{8C859524-D2F3-4EA5-ADD0-144900F44E70}.Release|Any CPU.ActiveCfg = Release|Any CPU
		{8C859524-D2F3-4EA5-ADD0-144900F44E70}.Release|Any CPU.Build.0 = Release|Any CPU
	EndGlobalSection
	GlobalSection(NestedProjects) = preSolution
		{2D7A90F7-55F1-45F4-9734-13BD15C9C21C} = {E3632F86-107A-4F89-97E7-DD70093A4041}
		{8C859524-D2F3-4EA5-ADD0-144900F44E70} = {E3632F86-107A-4F89-97E7-DD70093A4041}
		{AE15EBCE-CA38-471D-98E8-D5DE3F6502A3} = {196C2ADA-F790-4405-9E7E-BB59EA7DC7E1}
		{73CE1E6E-2FBB-4256-8172-8E3DFD8E56C8} = {196C2ADA-F790-4405-9E7E-BB59EA7DC7E1}
		{70B1CA4A-C23D-42AE-82F8-0B9A0834CBD0} = {196C2ADA-F790-4405-9E7E-BB59EA7DC7E1}
		{B96FF446-3537-49BE-A4EB-A55EB9A7593B} = {196C2ADA-F790-4405-9E7E-BB59EA7DC7E1}
		{81F76A4A-D24C-4376-9E98-A84B662EE13D} = {196C2ADA-F790-4405-9E7E-BB59EA7DC7E1}
		{E35A95D0-0784-4A00-95FA-B11879DCDC61} = {196C2ADA-F790-4405-9E7E-BB59EA7DC7E1}
		{23195FEB-6102-43D4-88F0-44A0C6DA0694} = {AE15EBCE-CA38-471D-98E8-D5DE3F6502A3}
		{144AFD91-A9F6-41B2-B35B-B5E44BC476D6} = {AE15EBCE-CA38-471D-98E8-D5DE3F6502A3}
		{63DF07BA-8929-4EFF-83B8-0D48282CCB40} = {73CE1E6E-2FBB-4256-8172-8E3DFD8E56C8}
		{5C37A736-468F-4D01-9BD3-EAE0027A9359} = {70B1CA4A-C23D-42AE-82F8-0B9A0834CBD0}
		{411D7BF6-66DF-409F-8006-E0543FF3CE5A} = {B96FF446-3537-49BE-A4EB-A55EB9A7593B}
		{6F0E852D-3697-4182-88AC-D88C24CB96FB} = {81F76A4A-D24C-4376-9E98-A84B662EE13D}
		{D3C19E8B-B07B-42DF-9449-0DD18F934ED9} = {81F76A4A-D24C-4376-9E98-A84B662EE13D}
		{1F676C07-B387-45C7-B80D-A91BED2C3610} = {E35A95D0-0784-4A00-95FA-B11879DCDC61}
		{B1982CF2-BD70-43FA-AE3A-F693418FC30D} = {E35A95D0-0784-4A00-95FA-B11879DCDC61}
		{6522A71C-6375-485F-8712-DB4E03CC37C7} = {E35A95D0-0784-4A00-95FA-B11879DCDC61}
		{4D4A3001-3A5F-4536-8799-1FB1FD7B4EC7} = {E35A95D0-0784-4A00-95FA-B11879DCDC61}
		{6AFCEE15-CA99-4718-AD75-25228D3ADBF7} = {E3632F86-107A-4F89-97E7-DD70093A4041}
		{C5768CD9-6717-41A5-8214-72E865127830} = {A8895300-37B7-4386-84F4-456CA58E88BE}
		{5B0E4586-9E39-474B-832F-E3E137DA2DAC} = {AE15EBCE-CA38-471D-98E8-D5DE3F6502A3}
		{961703ED-5E95-4A82-AC00-B9B30D08DC75} = {AE15EBCE-CA38-471D-98E8-D5DE3F6502A3}
		{D84468A6-7EE9-4D47-8242-9D8934D3455E} = {73CE1E6E-2FBB-4256-8172-8E3DFD8E56C8}
		{99F0AD03-A6F0-427C-9CA5-603E901F1D0B} = {70B1CA4A-C23D-42AE-82F8-0B9A0834CBD0}
		{51449001-B582-4FCF-9077-8CEF66749908} = {B96FF446-3537-49BE-A4EB-A55EB9A7593B}
		{788A3969-2EE7-4B7A-AE59-0B142C73DBFD} = {81F76A4A-D24C-4376-9E98-A84B662EE13D}
		{C5A6602A-F937-41BB-A79D-61E803467275} = {81F76A4A-D24C-4376-9E98-A84B662EE13D}
		{78CC3E75-53E4-420A-BD3F-616DBCB8A312} = {E35A95D0-0784-4A00-95FA-B11879DCDC61}
		{446B3BAC-CA4D-4636-85EE-EC67C75DF357} = {E35A95D0-0784-4A00-95FA-B11879DCDC61}
		{54D1A50D-E869-4B34-83FC-9C1475427CB1} = {E35A95D0-0784-4A00-95FA-B11879DCDC61}
		{24EB6437-7668-4EEF-AF54-B545E06102A7} = {E35A95D0-0784-4A00-95FA-B11879DCDC61}
	EndGlobalSection
EndGlobal
